
Microsoft Visual Studio Solution File, Format Version 12.00
# Visual Studio Version 16
VisualStudioVersion = 16.0.29324.140
MinimumVisualStudioVersion = 10.0.40219.1
Project("{FAE04EC0-301F-11D3-BF4B-00C04F79EFBC}") = "HoneyBadgersGS", "HoneyBadgersGS\HoneyBadgersGS.csproj", "{7A053B4A-BFFF-4DFC-9B7B-085692C1812F}"
EndProject
Global
	GlobalSection(SolutionConfigurationPlatforms) = preSolution
		Debug|Any CPU = Debug|Any CPU
		Release|Any CPU = Release|Any CPU
	EndGlobalSection
	GlobalSection(ProjectConfigurationPlatforms) = postSolution
		{7A053B4A-BFFF-4DFC-9B7B-085692C1812F}.Debug|Any CPU.ActiveCfg = Debug|Any CPU
		{7A053B4A-BFFF-4DFC-9B7B-085692C1812F}.Debug|Any CPU.Build.0 = Debug|Any CPU
		{7A053B4A-BFFF-4DFC-9B7B-085692C1812F}.Release|Any CPU.ActiveCfg = Release|Any CPU
		{7A053B4A-BFFF-4DFC-9B7B-085692C1812F}.Release|Any CPU.Build.0 = Release|Any CPU
	EndGlobalSection
	GlobalSection(SolutionProperties) = preSolution
		HideSolutionNode = FALSE
	EndGlobalSection
	GlobalSection(ExtensibilityGlobals) = postSolution
		SolutionGuid = {010A655B-91B9-475D-AA5A-13983CE143E8}
	EndGlobalSection
EndGlobal
